
Microsoft Visual Studio Solution File, Format Version 12.00
# Visual Studio Version 16
VisualStudioVersion = 16.0.31105.61
MinimumVisualStudioVersion = 10.0.40219.1
Project("{9A19103F-16F7-4668-BE54-9A1E7A4F7556}") = "WorkItOut", "WorkItOut\WorkItOut.csproj", "{3450D5AE-2601-471C-B2A9-9AC774A885E6}"
EndProject
Project("{FAE04EC0-301F-11D3-BF4B-00C04F79EFBC}") = "WorkItOutTests", "WorkItOutTests\WorkItOutTests.csproj", "{E3335F00-CA17-4B0F-94D3-A3156E9B8A92}"
EndProject
Global
	GlobalSection(SolutionConfigurationPlatforms) = preSolution
		Debug|Any CPU = Debug|Any CPU
		Release|Any CPU = Release|Any CPU
	EndGlobalSection
	GlobalSection(ProjectConfigurationPlatforms) = postSolution
		{3450D5AE-2601-471C-B2A9-9AC774A885E6}.Debug|Any CPU.ActiveCfg = Debug|Any CPU
		{3450D5AE-2601-471C-B2A9-9AC774A885E6}.Debug|Any CPU.Build.0 = Debug|Any CPU
		{3450D5AE-2601-471C-B2A9-9AC774A885E6}.Release|Any CPU.ActiveCfg = Release|Any CPU
		{3450D5AE-2601-471C-B2A9-9AC774A885E6}.Release|Any CPU.Build.0 = Release|Any CPU
		{E3335F00-CA17-4B0F-94D3-A3156E9B8A92}.Debug|Any CPU.ActiveCfg = Debug|Any CPU
		{E3335F00-CA17-4B0F-94D3-A3156E9B8A92}.Debug|Any CPU.Build.0 = Debug|Any CPU
		{E3335F00-CA17-4B0F-94D3-A3156E9B8A92}.Release|Any CPU.ActiveCfg = Release|Any CPU
		{E3335F00-CA17-4B0F-94D3-A3156E9B8A92}.Release|Any CPU.Build.0 = Release|Any CPU
	EndGlobalSection
	GlobalSection(SolutionProperties) = preSolution
		HideSolutionNode = FALSE
	EndGlobalSection
	GlobalSection(ExtensibilityGlobals) = postSolution
		SolutionGuid = {380AD4F0-8EDD-488D-8339-2056F5CE2B87}
	EndGlobalSection
EndGlobal
